
Microsoft Visual Studio Solution File, Format Version 12.00
# Visual Studio Version 16
VisualStudioVersion = 16.6.30114.105
MinimumVisualStudioVersion = 10.0.40219.1
Project("{FAE04EC0-301F-11D3-BF4B-00C04F79EFBC}") = "API", "API\API.csproj", "{5456C7B3-BE90-4EAB-AE6D-DCDE45F76BF0}"
EndProject
Project("{FAE04EC0-301F-11D3-BF4B-00C04F79EFBC}") = "Application", "Application\Application.csproj", "{50865699-576A-4960-B2C1-0B4047B08612}"
EndProject
Project("{FAE04EC0-301F-11D3-BF4B-00C04F79EFBC}") = "Persistence", "Persistence\Persistence.csproj", "{755CB00D-AC3D-403D-AD1D-4591E934F27C}"
EndProject
Project("{FAE04EC0-301F-11D3-BF4B-00C04F79EFBC}") = "Domain", "Domain\Domain.csproj", "{AD8683BE-B0C2-4EC7-8C9D-F27773A366B1}"
EndProject
Global
	GlobalSection(SolutionConfigurationPlatforms) = preSolution
		Debug|Any CPU = Debug|Any CPU
		Debug|x64 = Debug|x64
		Debug|x86 = Debug|x86
		Release|Any CPU = Release|Any CPU
		Release|x64 = Release|x64
		Release|x86 = Release|x86
	EndGlobalSection
	GlobalSection(SolutionProperties) = preSolution
		HideSolutionNode = FALSE
	EndGlobalSection
	GlobalSection(ProjectConfigurationPlatforms) = postSolution
		{5456C7B3-BE90-4EAB-AE6D-DCDE45F76BF0}.Debug|Any CPU.ActiveCfg = Debug|Any CPU
		{5456C7B3-BE90-4EAB-AE6D-DCDE45F76BF0}.Debug|Any CPU.Build.0 = Debug|Any CPU
		{5456C7B3-BE90-4EAB-AE6D-DCDE45F76BF0}.Debug|x64.ActiveCfg = Debug|Any CPU
		{5456C7B3-BE90-4EAB-AE6D-DCDE45F76BF0}.Debug|x64.Build.0 = Debug|Any CPU
		{5456C7B3-BE90-4EAB-AE6D-DCDE45F76BF0}.Debug|x86.ActiveCfg = Debug|Any CPU
		{5456C7B3-BE90-4EAB-AE6D-DCDE45F76BF0}.Debug|x86.Build.0 = Debug|Any CPU
		{5456C7B3-BE90-4EAB-AE6D-DCDE45F76BF0}.Release|Any CPU.ActiveCfg = Release|Any CPU
		{5456C7B3-BE90-4EAB-AE6D-DCDE45F76BF0}.Release|Any CPU.Build.0 = Release|Any CPU
		{5456C7B3-BE90-4EAB-AE6D-DCDE45F76BF0}.Release|x64.ActiveCfg = Release|Any CPU
		{5456C7B3-BE90-4EAB-AE6D-DCDE45F76BF0}.Release|x64.Build.0 = Release|Any CPU
		{5456C7B3-BE90-4EAB-AE6D-DCDE45F76BF0}.Release|x86.ActiveCfg = Release|Any CPU
		{5456C7B3-BE90-4EAB-AE6D-DCDE45F76BF0}.Release|x86.Build.0 = Release|Any CPU
		{50865699-576A-4960-B2C1-0B4047B08612}.Debug|Any CPU.ActiveCfg = Debug|Any CPU
		{50865699-576A-4960-B2C1-0B4047B08612}.Debug|Any CPU.Build.0 = Debug|Any CPU
		{50865699-576A-4960-B2C1-0B4047B08612}.Debug|x64.ActiveCfg = Debug|Any CPU
		{50865699-576A-4960-B2C1-0B4047B08612}.Debug|x64.Build.0 = Debug|Any CPU
		{50865699-576A-4960-B2C1-0B4047B08612}.Debug|x86.ActiveCfg = Debug|Any CPU
		{50865699-576A-4960-B2C1-0B4047B08612}.Debug|x86.Build.0 = Debug|Any CPU
		{50865699-576A-4960-B2C1-0B4047B08612}.Release|Any CPU.ActiveCfg = Release|Any CPU
		{50865699-576A-4960-B2C1-0B4047B08612}.Release|Any CPU.Build.0 = Release|Any CPU
		{50865699-576A-4960-B2C1-0B4047B08612}.Release|x64.ActiveCfg = Release|Any CPU
		{50865699-576A-4960-B2C1-0B4047B08612}.Release|x64.Build.0 = Release|Any CPU
		{50865699-576A-4960-B2C1-0B4047B08612}.Release|x86.ActiveCfg = Release|Any CPU
		{50865699-576A-4960-B2C1-0B4047B08612}.Release|x86.Build.0 = Release|Any CPU
		{755CB00D-AC3D-403D-AD1D-4591E934F27C}.Debug|Any CPU.ActiveCfg = Debug|Any CPU
		{755CB00D-AC3D-403D-AD1D-4591E934F27C}.Debug|Any CPU.Build.0 = Debug|Any CPU
		{755CB00D-AC3D-403D-AD1D-4591E934F27C}.Debug|x64.ActiveCfg = Debug|Any CPU
		{755CB00D-AC3D-403D-AD1D-4591E934F27C}.Debug|x64.Build.0 = Debug|Any CPU
		{755CB00D-AC3D-403D-AD1D-4591E934F27C}.Debug|x86.ActiveCfg = Debug|Any CPU
		{755CB00D-AC3D-403D-AD1D-4591E934F27C}.Debug|x86.Build.0 = Debug|Any CPU
		{755CB00D-AC3D-403D-AD1D-4591E934F27C}.Release|Any CPU.ActiveCfg = Release|Any CPU
		{755CB00D-AC3D-403D-AD1D-4591E934F27C}.Release|Any CPU.Build.0 = Release|Any CPU
		{755CB00D-AC3D-403D-AD1D-4591E934F27C}.Release|x64.ActiveCfg = Release|Any CPU
		{755CB00D-AC3D-403D-AD1D-4591E934F27C}.Release|x64.Build.0 = Release|Any CPU
		{755CB00D-AC3D-403D-AD1D-4591E934F27C}.Release|x86.ActiveCfg = Release|Any CPU
		{755CB00D-AC3D-403D-AD1D-4591E934F27C}.Release|x86.Build.0 = Release|Any CPU
		{AD8683BE-B0C2-4EC7-8C9D-F27773A366B1}.Debug|Any CPU.ActiveCfg = Debug|Any CPU
		{AD8683BE-B0C2-4EC7-8C9D-F27773A366B1}.Debug|Any CPU.Build.0 = Debug|Any CPU
		{AD8683BE-B0C2-4EC7-8C9D-F27773A366B1}.Debug|x64.ActiveCfg = Debug|Any CPU
		{AD8683BE-B0C2-4EC7-8C9D-F27773A366B1}.Debug|x64.Build.0 = Debug|Any CPU
		{AD8683BE-B0C2-4EC7-8C9D-F27773A366B1}.Debug|x86.ActiveCfg = Debug|Any CPU
		{AD8683BE-B0C2-4EC7-8C9D-F27773A366B1}.Debug|x86.Build.0 = Debug|Any CPU
		{AD8683BE-B0C2-4EC7-8C9D-F27773A366B1}.Release|Any CPU.ActiveCfg = Release|Any CPU
		{AD8683BE-B0C2-4EC7-8C9D-F27773A366B1}.Release|Any CPU.Build.0 = Release|Any CPU
		{AD8683BE-B0C2-4EC7-8C9D-F27773A366B1}.Release|x64.ActiveCfg = Release|Any CPU
		{AD8683BE-B0C2-4EC7-8C9D-F27773A366B1}.Release|x64.Build.0 = Release|Any CPU
		{AD8683BE-B0C2-4EC7-8C9D-F27773A366B1}.Release|x86.ActiveCfg = Release|Any CPU
		{AD8683BE-B0C2-4EC7-8C9D-F27773A366B1}.Release|x86.Build.0 = Release|Any CPU
	EndGlobalSection
EndGlobal
